// !$*UTF8*$!
{
	archiveVersion = 1;
	classes = {
	};
	objectVersion = 77;
	objects = {

/* Begin PBXBuildFile section */
		6212C7A119BE0F6F933D1DAF = {
			isa = PBXBuildFile;
			fileRef = F59E7F4E3E598FDF96A45F6F;
			settings = {
				ATTRIBUTES = (
					RemoveHeadersOnCopy,
				);
			};
		};
/* End PBXBuildFile section */

/* Begin PBXContainerItemProxy section */
		87BD381A195621382273619E = {
			isa = PBXContainerItemProxy;
			containerPortal = 343B029C6BA77F0EFCA60377;
			proxyType = 1;
			remoteGlobalIDString = 8B74CB18082DF75581345A59;
			remoteInfo = PorkWidget;
		};
/* End PBXContainerItemProxy section */

/* Begin PBXCopyFilesBuildPhase section */
		888F85FED0843E413E77013C = {
			isa = PBXCopyFilesBuildPhase;
			buildActionMask = 2147483647;
			dstPath = "";
			dstSubfolderSpec = 13;
			files = (
				6212C7A119BE0F6F933D1DAF,
			);
			name = "Embed Foundation Extensions";
			runOnlyForDeploymentPostprocessing = 0;
		};
/* End PBXCopyFilesBuildPhase section */

/* Begin PBXFileReference section */
		1AAC8026F12DB9E2930BB642 = {
			isa = PBXFileReference;
			explicitFileType = wrapper.application;
			includeInIndex = 0;
			path = PuppyPomodoro.app;
			sourceTree = BUILT_PRODUCTS_DIR;
		};
		F59E7F4E3E598FDF96A45F6F = {
			isa = PBXFileReference;
			explicitFileType = "wrapper.app-extension";
			includeInIndex = 0;
			path = PorkWidget.appex;
			sourceTree = BUILT_PRODUCTS_DIR;
		};
/* End PBXFileReference section */

/* Begin PBXFileSystemSynchronizedRootGroup section */
		0F065DCE8A3ABD1C823B20C9 = {
			isa = PBXFileSystemSynchronizedRootGroup;
			explicitFileTypes = {
			};
			explicitFolders = (
			);
			path = App;
			sourceTree = "<group>";
		};
		926AB5F8038C0A840721DE20 = {
			isa = PBXFileSystemSynchronizedRootGroup;
			explicitFileTypes = {
			};
			explicitFolders = (
			);
			path = LiveShared;
			sourceTree = "<group>";
		};
		D3D0C75DBB59243092F6C130 = {
			isa = PBXFileSystemSynchronizedRootGroup;
			explicitFileTypes = {
			};
			explicitFolders = (
			);
			path = Shared;
			sourceTree = "<group>";
		};
		E7B54CBB72B07C8C51EB7C52 = {
			isa = PBXFileSystemSynchronizedRootGroup;
			explicitFileTypes = {
			};
			explicitFolders = (
			);
			path = Widget;
			sourceTree = "<group>";
		};
/* End PBXFileSystemSynchronizedRootGroup section */

/* Begin PBXFrameworksBuildPhase section */
		7A1423700BADF616A8EB6C64 = {
			isa = PBXFrameworksBuildPhase;
			buildActionMask = 2147483647;
			files = (
			);
			runOnlyForDeploymentPostprocessing = 0;
		};
		D5C896CF66FB869FC766CB24 = {
			isa = PBXFrameworksBuildPhase;
			buildActionMask = 2147483647;
			files = (
			);
			runOnlyForDeploymentPostprocessing = 0;
		};
/* End PBXFrameworksBuildPhase section */

/* Begin PBXGroup section */
		54F8BC3561FE74CE5697959F = {
			isa = PBXGroup;
			children = (
				0F065DCE8A3ABD1C823B20C9,
				D3D0C75DBB59243092F6C130,
				926AB5F8038C0A840721DE20,
				E7B54CBB72B07C8C51EB7C52,
				6A6EB82AE00FE711458929C6,
			);
			sourceTree = "<group>";
		};
		6A6EB82AE00FE711458929C6 = {
			isa = PBXGroup;
			children = (
				1AAC8026F12DB9E2930BB642,
				F59E7F4E3E598FDF96A45F6F,
			);
			name = Products;
			sourceTree = "<group>";
		};
/* End PBXGroup section */

/* Begin PBXNativeTarget section */
		81234F00B0E590249E42DAA9 = {
			isa = PBXNativeTarget;
			buildConfigurationList = 2A727F8357D28E5421A1CB4B;
			buildPhases = (
				96D95C73D9CDA7A1308CC693,
				D5C896CF66FB869FC766CB24,
				567DAD0BE79FFE897DA33A1A,
				888F85FED0843E413E77013C,
			);
			buildRules = (
			);
			dependencies = (
				06B2436805DC818AD0003B77,
			);
			fileSystemSynchronizedGroups = (
				0F065DCE8A3ABD1C823B20C9,
				D3D0C75DBB59243092F6C130,
				926AB5F8038C0A840721DE20,
			);
			name = PuppyPomodoro;
			packageProductDependencies = (
			);
			productName = PuppyPomodoro;
			productReference = 1AAC8026F12DB9E2930BB642;
			productType = "com.apple.product-type.application";
		};
		8B74CB18082DF75581345A59 = {
			isa = PBXNativeTarget;
			buildConfigurationList = B0974B3E39F05D903ED72114;
			buildPhases = (
				9F08327090DEB9711AAB17D8,
				7A1423700BADF616A8EB6C64,
				C04324967968CE8D1A18E792,
			);
			buildRules = (
			);
			dependencies = (
			);
			fileSystemSynchronizedGroups = (
				E7B54CBB72B07C8C51EB7C52,
				D3D0C75DBB59243092F6C130,
				926AB5F8038C0A840721DE20,
			);
			name = PorkWidget;
			packageProductDependencies = (
			);
			productName = PorkWidget;
			productReference = F59E7F4E3E598FDF96A45F6F;
			productType = "com.apple.product-type.app-extension";
		};
/* End PBXNativeTarget section */

/* Begin PBXProject section */
		343B029C6BA77F0EFCA60377 = {
			isa = PBXProject;
			attributes = {
				BuildIndependentTargetsInParallel = 1;
				LastSwiftUpdateCheck = 1600;
				LastUpgradeCheck = 1600;
				TargetAttributes = {
					81234F00B0E590249E42DAA9 = {
						CreatedOnToolsVersion = 16.0;
					};
					8B74CB18082DF75581345A59 = {
						CreatedOnToolsVersion = 16.0;
					};
				};
			};
			buildConfigurationList = 3951195E6326966B6A2ACA1E;
			developmentRegion = en;
			hasScannedForEncodings = 0;
			knownRegions = (
				en,
				Base,
			);
			mainGroup = 54F8BC3561FE74CE5697959F;
			minimizedProjectReferenceProxies = 1;
			preferredProjectObjectVersion = 77;
			productRefGroup = 6A6EB82AE00FE711458929C6;
			projectDirPath = "";
			projectRoot = "";
			targets = (
				81234F00B0E590249E42DAA9,
				8B74CB18082DF75581345A59,
			);
		};
/* End PBXProject section */

/* Begin PBXResourcesBuildPhase section */
		567DAD0BE79FFE897DA33A1A = {
			isa = PBXResourcesBuildPhase;
			buildActionMask = 2147483647;
			files = (
			);
			runOnlyForDeploymentPostprocessing = 0;
		};
		C04324967968CE8D1A18E792 = {
			isa = PBXResourcesBuildPhase;
			buildActionMask = 2147483647;
			files = (
			);
			runOnlyForDeploymentPostprocessing = 0;
		};
/* End PBXResourcesBuildPhase section */

/* Begin PBXSourcesBuildPhase section */
		96D95C73D9CDA7A1308CC693 = {
			isa = PBXSourcesBuildPhase;
			buildActionMask = 2147483647;
			files = (
			);
			runOnlyForDeploymentPostprocessing = 0;
		};
		9F08327090DEB9711AAB17D8 = {
			isa = PBXSourcesBuildPhase;
			buildActionMask = 2147483647;
			files = (
			);
			runOnlyForDeploymentPostprocessing = 0;
		};
/* End PBXSourcesBuildPhase section */

/* Begin PBXTargetDependency section */
		06B2436805DC818AD0003B77 = {
			isa = PBXTargetDependency;
			target = 8B74CB18082DF75581345A59;
			targetProxy = 87BD381A195621382273619E;
		};
/* End PBXTargetDependency section */

/* Begin XCBuildConfiguration section */
		27434148D5581E0D0EA0D1CC = {
			isa = XCBuildConfiguration;
			buildSettings = {
				CODE_SIGN_ENTITLEMENTS = Config/GroupOnly.entitlements;
				CODE_SIGN_STYLE = Automatic;
				CURRENT_PROJECT_VERSION = 1;
				GENERATE_INFOPLIST_FILE = YES;
				INFOPLIST_FILE = "Config/Widget-Info.plist";
				INFOPLIST_KEY_CFBundleDisplayName = "Pork's clock";
				INFOPLIST_KEY_NSHumanReadableCopyright = "";
				MARKETING_VERSION = 1.1.0;
				PRODUCT_BUNDLE_IDENTIFIER = "$(PORK_ID_PREFIX).widget";
				PRODUCT_NAME = "$(TARGET_NAME)";
				SWIFT_EMIT_LOC_STRINGS = YES;
				SWIFT_VERSION = 5.0;
				TARGETED_DEVICE_FAMILY = 1;
				LD_RUNPATH_SEARCH_PATHS = (
					"$(inherited)",
					"@executable_path/Frameworks",
					"@executable_path/../../Frameworks",
				);
				SKIP_INSTALL = YES;
			};
			name = Debug;
		};
		390167585EB4615AC9E2A003 = {
			isa = XCBuildConfiguration;
			buildSettings = {
				ALWAYS_SEARCH_USER_PATHS = NO;
				ASSETCATALOG_COMPILER_GENERATE_SWIFT_ASSET_SYMBOL_EXTENSIONS = YES;
				CLANG_ENABLE_MODULES = YES;
				CLANG_ENABLE_OBJC_ARC = YES;
				ENABLE_STRICT_OBJC_MSGSEND = YES;
				ENABLE_USER_SCRIPT_SANDBOXING = YES;
				GCC_C_LANGUAGE_STANDARD = gnu17;
				IPHONEOS_DEPLOYMENT_TARGET = 17.0;
				PORK_ID_PREFIX = com.sssamui.puppypomodoro;
				SDKROOT = iphoneos;
				SWIFT_VERSION = 5.0;
				COPY_PHASE_STRIP = NO;
				DEBUG_INFORMATION_FORMAT = dwarf;
				ENABLE_TESTABILITY = YES;
				GCC_DYNAMIC_NO_PIC = NO;
				GCC_OPTIMIZATION_LEVEL = 0;
				GCC_PREPROCESSOR_DEFINITIONS = (
					"DEBUG=1",
					"$(inherited)",
				);
				ONLY_ACTIVE_ARCH = YES;
				SWIFT_ACTIVE_COMPILATION_CONDITIONS = "DEBUG LITE $(inherited)";
				SWIFT_OPTIMIZATION_LEVEL = "-Onone";
			};
			name = Debug;
		};
		6729FC57B542AA9CAE90DFBD = {
			isa = XCBuildConfiguration;
			buildSettings = {
				ALWAYS_SEARCH_USER_PATHS = NO;
				ASSETCATALOG_COMPILER_GENERATE_SWIFT_ASSET_SYMBOL_EXTENSIONS = YES;
				CLANG_ENABLE_MODULES = YES;
				CLANG_ENABLE_OBJC_ARC = YES;
				ENABLE_STRICT_OBJC_MSGSEND = YES;
				ENABLE_USER_SCRIPT_SANDBOXING = YES;
				GCC_C_LANGUAGE_STANDARD = gnu17;
				IPHONEOS_DEPLOYMENT_TARGET = 17.0;
				PORK_ID_PREFIX = com.sssamui.puppypomodoro;
				SDKROOT = iphoneos;
				SWIFT_VERSION = 5.0;
				COPY_PHASE_STRIP = NO;
				DEBUG_INFORMATION_FORMAT = "dwarf-with-dsym";
				ENABLE_NS_ASSERTIONS = NO;
				SWIFT_ACTIVE_COMPILATION_CONDITIONS = "LITE $(inherited)";
				SWIFT_COMPILATION_MODE = wholemodule;
				VALIDATE_PRODUCT = YES;
			};
			name = Release;
		};
		696D78658A283563181A488C = {
			isa = XCBuildConfiguration;
			buildSettings = {
				CODE_SIGN_ENTITLEMENTS = Config/GroupOnly.entitlements;
				CODE_SIGN_STYLE = Automatic;
				CURRENT_PROJECT_VERSION = 1;
				GENERATE_INFOPLIST_FILE = YES;
				INFOPLIST_FILE = "Config/Widget-Info.plist";
				INFOPLIST_KEY_CFBundleDisplayName = "Pork's clock";
				INFOPLIST_KEY_NSHumanReadableCopyright = "";
				MARKETING_VERSION = 1.1.0;
				PRODUCT_BUNDLE_IDENTIFIER = "$(PORK_ID_PREFIX).widget";
				PRODUCT_NAME = "$(TARGET_NAME)";
				SWIFT_EMIT_LOC_STRINGS = YES;
				SWIFT_VERSION = 5.0;
				TARGETED_DEVICE_FAMILY = 1;
				LD_RUNPATH_SEARCH_PATHS = (
					"$(inherited)",
					"@executable_path/Frameworks",
					"@executable_path/../../Frameworks",
				);
				SKIP_INSTALL = YES;
			};
			name = Release;
		};
		739FDF7E713F3BD28B2901D3 = {
			isa = XCBuildConfiguration;
			buildSettings = {
				CODE_SIGN_ENTITLEMENTS = Config/GroupOnly.entitlements;
				CODE_SIGN_STYLE = Automatic;
				CURRENT_PROJECT_VERSION = 1;
				GENERATE_INFOPLIST_FILE = YES;
				INFOPLIST_FILE = "Config/App-Info.plist";
				INFOPLIST_KEY_CFBundleDisplayName = "Puppy Pomodoro";
				INFOPLIST_KEY_NSHumanReadableCopyright = "";
				MARKETING_VERSION = 1.1.0;
				PRODUCT_BUNDLE_IDENTIFIER = "$(PORK_ID_PREFIX)";
				PRODUCT_NAME = "$(TARGET_NAME)";
				SWIFT_EMIT_LOC_STRINGS = YES;
				SWIFT_VERSION = 5.0;
				TARGETED_DEVICE_FAMILY = 1;
				ASSETCATALOG_COMPILER_APPICON_NAME = AppIcon;
				ASSETCATALOG_COMPILER_GLOBAL_ACCENT_COLOR_NAME = AccentColor;
				ENABLE_PREVIEWS = YES;
				INFOPLIST_KEY_UIApplicationSceneManifest_Generation = YES;
				INFOPLIST_KEY_UIApplicationSupportsIndirectInputEvents = YES;
				INFOPLIST_KEY_UILaunchScreen_Generation = YES;
				INFOPLIST_KEY_UISupportedInterfaceOrientations_iPhone = UIInterfaceOrientationPortrait;
				LD_RUNPATH_SEARCH_PATHS = (
					"$(inherited)",
					"@executable_path/Frameworks",
				);
			};
			name = Debug;
		};
		8547A14E18267ED70F548188 = {
			isa = XCBuildConfiguration;
			buildSettings = {
				CODE_SIGN_ENTITLEMENTS = Config/GroupOnly.entitlements;
				CODE_SIGN_STYLE = Automatic;
				CURRENT_PROJECT_VERSION = 1;
				GENERATE_INFOPLIST_FILE = YES;
				INFOPLIST_FILE = "Config/App-Info.plist";
				INFOPLIST_KEY_CFBundleDisplayName = "Puppy Pomodoro";
				INFOPLIST_KEY_NSHumanReadableCopyright = "";
				MARKETING_VERSION = 1.1.0;
				PRODUCT_BUNDLE_IDENTIFIER = "$(PORK_ID_PREFIX)";
				PRODUCT_NAME = "$(TARGET_NAME)";
				SWIFT_EMIT_LOC_STRINGS = YES;
				SWIFT_VERSION = 5.0;
				TARGETED_DEVICE_FAMILY = 1;
				ASSETCATALOG_COMPILER_APPICON_NAME = AppIcon;
				ASSETCATALOG_COMPILER_GLOBAL_ACCENT_COLOR_NAME = AccentColor;
				ENABLE_PREVIEWS = YES;
				INFOPLIST_KEY_UIApplicationSceneManifest_Generation = YES;
				INFOPLIST_KEY_UIApplicationSupportsIndirectInputEvents = YES;
				INFOPLIST_KEY_UILaunchScreen_Generation = YES;
				INFOPLIST_KEY_UISupportedInterfaceOrientations_iPhone = UIInterfaceOrientationPortrait;
				LD_RUNPATH_SEARCH_PATHS = (
					"$(inherited)",
					"@executable_path/Frameworks",
				);
			};
			name = Release;
		};
/* End XCBuildConfiguration section */

/* Begin XCConfigurationList section */
		2A727F8357D28E5421A1CB4B = {
			isa = XCConfigurationList;
			buildConfigurations = (
				739FDF7E713F3BD28B2901D3,
				8547A14E18267ED70F548188,
			);
			defaultConfigurationIsVisible = 0;
			defaultConfigurationName = Release;
		};
		3951195E6326966B6A2ACA1E = {
			isa = XCConfigurationList;
			buildConfigurations = (
				390167585EB4615AC9E2A003,
				6729FC57B542AA9CAE90DFBD,
			);
			defaultConfigurationIsVisible = 0;
			defaultConfigurationName = Release;
		};
		B0974B3E39F05D903ED72114 = {
			isa = XCConfigurationList;
			buildConfigurations = (
				27434148D5581E0D0EA0D1CC,
				696D78658A283563181A488C,
			);
			defaultConfigurationIsVisible = 0;
			defaultConfigurationName = Release;
		};
/* End XCConfigurationList section */
	};
	rootObject = 343B029C6BA77F0EFCA60377;
}
